
Microsoft Visual Studio Solution File, Format Version 12.00
# Visual Studio Version 17
VisualStudioVersion = 17.11.35327.3
MinimumVisualStudioVersion = 10.0.40219.1
Project("{FAE04EC0-301F-11D3-BF4B-00C04F79EFBC}") = "WpfApp2", "WpfApp2.csproj", "{26DB6D2D-1893-449E-9F9C-045946473BDB}"
EndProject
Global
	GlobalSection(SolutionConfigurationPlatforms) = preSolution
		Debug|Any CPU = Debug|Any CPU
		Release|Any CPU = Release|Any CPU
	EndGlobalSection
	GlobalSection(ProjectConfigurationPlatforms) = postSolution
		{26DB6D2D-1893-449E-9F9C-045946473BDB}.Debug|Any CPU.ActiveCfg = Debug|Any CPU
		{26DB6D2D-1893-449E-9F9C-045946473BDB}.Debug|Any CPU.Build.0 = Debug|Any CPU
		{26DB6D2D-1893-449E-9F9C-045946473BDB}.Release|Any CPU.ActiveCfg = Release|Any CPU
		{26DB6D2D-1893-449E-9F9C-045946473BDB}.Release|Any CPU.Build.0 = Release|Any CPU
	EndGlobalSection
	GlobalSection(SolutionProperties) = preSolution
		HideSolutionNode = FALSE
	EndGlobalSection
	GlobalSection(ExtensibilityGlobals) = postSolution
		SolutionGuid = {BE563A9D-29A4-4BC6-8A7F-34321F323C5C}
	EndGlobalSection
EndGlobal
